
Microsoft Visual Studio Solution File, Format Version 12.00
# Visual Studio Version 16
VisualStudioVersion = 16.0.30717.126
MinimumVisualStudioVersion = 10.0.40219.1
Project("{8BC9CEB8-8B4A-11D0-8D11-00A0C91BC942}") = "byeintegrity-lite", "byeintegrity-lite\byeintegrity-lite.vcxproj", "{1067290E-F04D-4BB6-A170-C52B1341EB0C}"
EndProject
Global
	GlobalSection(SolutionConfigurationPlatforms) = preSolution
		Debug|x64 = Debug|x64
		Debug|x86 = Debug|x86
		Release|x64 = Release|x64
		Release|x86 = Release|x86
	EndGlobalSection
	GlobalSection(ProjectConfigurationPlatforms) = postSolution
		{1067290E-F04D-4BB6-A170-C52B1341EB0C}.Debug|x64.ActiveCfg = Debug|x64
		{1067290E-F04D-4BB6-A170-C52B1341EB0C}.Debug|x64.Build.0 = Debug|x64
		{1067290E-F04D-4BB6-A170-C52B1341EB0C}.Debug|x86.ActiveCfg = Debug|Win32
		{1067290E-F04D-4BB6-A170-C52B1341EB0C}.Debug|x86.Build.0 = Debug|Win32
		{1067290E-F04D-4BB6-A170-C52B1341EB0C}.Release|x64.ActiveCfg = Release|x64
		{1067290E-F04D-4BB6-A170-C52B1341EB0C}.Release|x64.Build.0 = Release|x64
		{1067290E-F04D-4BB6-A170-C52B1341EB0C}.Release|x86.ActiveCfg = Release|Win32
		{1067290E-F04D-4BB6-A170-C52B1341EB0C}.Release|x86.Build.0 = Release|Win32
	EndGlobalSection
	GlobalSection(SolutionProperties) = preSolution
		HideSolutionNode = FALSE
	EndGlobalSection
	GlobalSection(ExtensibilityGlobals) = postSolution
		SolutionGuid = {7270C892-129C-4147-9D6A-B586009040FD}
	EndGlobalSection
EndGlobal
